<Solution>
  <Folder Name="/.solution/">
    <File Path=".editorconfig" />
    <File Path="Directory.Build.props" />
    <File Path="Directory.Packages.props" />
    <File Path="README.md" />
  </Folder>
  <Folder Name="/source/">
    <Project Path="source/GitWebLinks/GitWebLinks.csproj">
      <Deploy Solution="Debug|*" />
    </Project>
  </Folder>
  <Folder Name="/tests/">
    <File Path="tests/.editorconfig" />
    <Project Path="tests/GitWebLinks.UnitTests/GitWebLinks.UnitTests.csproj" />
  </Folder>
</Solution>
