
Microsoft Visual Studio Solution File, Format Version 12.00
# Visual Studio Version 17
VisualStudioVersion = 17.0.31825.309
MinimumVisualStudioVersion = 10.0.40219.1
Project("{2150E333-8FDC-42A3-9474-1A3956D46DE8}") = "source", "source", "{7A765E1A-1AC1-4E5F-924F-A8500F22E1BD}"
EndProject
Project("{2150E333-8FDC-42A3-9474-1A3956D46DE8}") = "tests", "tests", "{CFF15751-B31E-467A-8604-0A58ABE26723}"
	ProjectSection(SolutionItems) = preProject
		tests\.editorconfig = tests\.editorconfig
	EndProjectSection
EndProject
Project("{FAE04EC0-301F-11D3-BF4B-00C04F79EFBC}") = "GitWebLinks", "source\GitWebLinks\GitWebLinks.csproj", "{6B845011-0B6E-4914-880C-BF480E5608F7}"
EndProject
Project("{9A19103F-16F7-4668-BE54-9A1E7A4F7556}") = "GitWebLinks.UnitTests", "tests\GitWebLinks.UnitTests\GitWebLinks.UnitTests.csproj", "{7711D3B9-DBA0-452B-BF13-142BDBA563C8}"
EndProject
Project("{2150E333-8FDC-42A3-9474-1A3956D46DE8}") = "Solution Items", "Solution Items", "{71115F06-C40C-4D49-AFA0-4E97E2BB8EA3}"
	ProjectSection(SolutionItems) = preProject
		.editorconfig = .editorconfig
		Directory.Build.props = Directory.Build.props
		Directory.Packages.props = Directory.Packages.props
	EndProjectSection
EndProject
Project("{2150E333-8FDC-42A3-9474-1A3956D46DE8}") = "build", "build", "{C801FC46-E22B-4804-B7A5-8BA6F30BA96E}"
	ProjectSection(SolutionItems) = preProject
		build\SetVsixVersion.targets = build\SetVsixVersion.targets
	EndProjectSection
EndProject
Global
	GlobalSection(SolutionConfigurationPlatforms) = preSolution
		Debug|Any CPU = Debug|Any CPU
		Release|Any CPU = Release|Any CPU
	EndGlobalSection
	GlobalSection(ProjectConfigurationPlatforms) = postSolution
		{6B845011-0B6E-4914-880C-BF480E5608F7}.Debug|Any CPU.ActiveCfg = Debug|Any CPU
		{6B845011-0B6E-4914-880C-BF480E5608F7}.Debug|Any CPU.Build.0 = Debug|Any CPU
		{6B845011-0B6E-4914-880C-BF480E5608F7}.Release|Any CPU.ActiveCfg = Release|Any CPU
		{6B845011-0B6E-4914-880C-BF480E5608F7}.Release|Any CPU.Build.0 = Release|Any CPU
		{7711D3B9-DBA0-452B-BF13-142BDBA563C8}.Debug|Any CPU.ActiveCfg = Debug|Any CPU
		{7711D3B9-DBA0-452B-BF13-142BDBA563C8}.Debug|Any CPU.Build.0 = Debug|Any CPU
		{7711D3B9-DBA0-452B-BF13-142BDBA563C8}.Release|Any CPU.ActiveCfg = Release|Any CPU
		{7711D3B9-DBA0-452B-BF13-142BDBA563C8}.Release|Any CPU.Build.0 = Release|Any CPU
	EndGlobalSection
	GlobalSection(SolutionProperties) = preSolution
		HideSolutionNode = FALSE
	EndGlobalSection
	GlobalSection(NestedProjects) = preSolution
		{6B845011-0B6E-4914-880C-BF480E5608F7} = {7A765E1A-1AC1-4E5F-924F-A8500F22E1BD}
		{7711D3B9-DBA0-452B-BF13-142BDBA563C8} = {CFF15751-B31E-467A-8604-0A58ABE26723}
	EndGlobalSection
	GlobalSection(ExtensibilityGlobals) = postSolution
		SolutionGuid = {A8602495-27E8-4A02-A605-4903806035A8}
	EndGlobalSection
EndGlobal
